// !$*UTF8*$!
{
	archiveVersion = 1;
	classes = {
	};
	objectVersion = 46;
	objects = {

/* Begin PBXBuildFile section */
		FF2BF8F21DA1DC48007195EE /* main.c in Sources */ = {isa = PBXBuildFile; fileRef = FF2BF8F11DA1DC48007195EE /* main.c */; };
/* End PBXBuildFile section */

/* Begin PBXCopyFilesBuildPhase section */
		FF2BF8EC1DA1DC48007195EE /* CopyFiles */ = {
			isa = PBXCopyFilesBuildPhase;
			buildActionMask = 2147483647;
			dstPath = /usr/share/man/man1/;
			dstSubfolderSpec = 0;
			files = (
			);
			runOnlyForDeploymentPostprocessing = 1;
		};
/* End PBXCopyFilesBuildPhase section */

/* Begin PBXFileReference section */
		FF2BF8EE1DA1DC48007195EE /* TRABALHO SO */ = {isa = PBXFileReference; explicitFileType = "compiled.mach-o.executable"; includeInIndex = 0; path = "TRABALHO SO"; sourceTree = BUILT_PRODUCTS_DIR; };
		FF2BF8F11DA1DC48007195EE /* main.c */ = {isa = PBXFileReference; lastKnownFileType = sourcecode.c.c; path = main.c; sourceTree = "<group>"; };
/* End PBXFileReference section */

/* Begin PBXFrameworksBuildPhase section */
		FF2BF8EB1DA1DC48007195EE /* Frameworks */ = {
			isa = PBXFrameworksBuildPhase;
			buildActionMask = 2147483647;
			files = (
			);
			runOnlyForDeploymentPostprocessing = 0;
		};
/* End PBXFrameworksBuildPhase section */

/* Begin PBXGroup section */
		FF2BF8E51DA1DC48007195EE = {
			isa = PBXGroup;
			children = (
				FF2BF8F01DA1DC48007195EE /* TRABALHO SO */,
				FF2BF8EF1DA1DC48007195EE /* Products */,
			);
			sourceTree = "<group>";
		};
		FF2BF8EF1DA1DC48007195EE /* Products */ = {
			isa = PBXGroup;
			children = (
				FF2BF8EE1DA1DC48007195EE /* TRABALHO SO */,
			);
			name = Products;
			sourceTree = "<group>";
		};
		FF2BF8F01DA1DC48007195EE /* TRABALHO SO */ = {
			isa = PBXGroup;
			children = (
				FF2BF8F11DA1DC48007195EE /* main.c */,
			);
			path = "TRABALHO SO";
			sourceTree = "<group>";
		};
/* End PBXGroup section */

/* Begin PBXNativeTarget section */
		FF2BF8ED1DA1DC48007195EE /* TRABALHO SO */ = {
			isa = PBXNativeTarget;
			buildConfigurationList = FF2BF8F51DA1DC48007195EE /* Build configuration list for PBXNativeTarget "TRABALHO SO" */;
			buildPhases = (
				FF2BF8EA1DA1DC48007195EE /* Sources */,
				FF2BF8EB1DA1DC48007195EE /* Frameworks */,
				FF2BF8EC1DA1DC48007195EE /* CopyFiles */,
			);
			buildRules = (
			);
			dependencies = (
			);
			name = "TRABALHO SO";
			productName = "TRABALHO SO";
			productReference = FF2BF8EE1DA1DC48007195EE /* TRABALHO SO */;
			productType = "com.apple.product-type.tool";
		};
/* End PBXNativeTarget section */

/* Begin PBXProject section */
		FF2BF8E61DA1DC48007195EE /* Project object */ = {
			isa = PBXProject;
			attributes = {
				LastUpgradeCheck = 0710;
				ORGANIZATIONNAME = "Tacio Belmonte";
				TargetAttributes = {
					FF2BF8ED1DA1DC48007195EE = {
						CreatedOnToolsVersion = 7.1;
					};
				};
			};
			buildConfigurationList = FF2BF8E91DA1DC48007195EE /* Build configuration list for PBXProject "TRABALHO SO" */;
			compatibilityVersion = "Xcode 3.2";
			developmentRegion = English;
			hasScannedForEncodings = 0;
			knownRegions = (
				en,
			);
			mainGroup = FF2BF8E51DA1DC48007195EE;
			productRefGroup = FF2BF8EF1DA1DC48007195EE /* Products */;
			projectDirPath = "";
			projectRoot = "";
			targets = (
				FF2BF8ED1DA1DC48007195EE /* TRABALHO SO */,
			);
		};
/* End PBXProject section */

/* Begin PBXSourcesBuildPhase section */
		FF2BF8EA1DA1DC48007195EE /* Sources */ = {
			isa = PBXSourcesBuildPhase;
			buildActionMask = 2147483647;
			files = (
				FF2BF8F21DA1DC48007195EE /* main.c in Sources */,
			);
			runOnlyForDeploymentPostprocessing = 0;
		};
/* End PBXSourcesBuildPhase section */

/* Begin XCBuildConfiguration section */
		FF2BF8F31DA1DC48007195EE /* Debug */ = {
			isa = XCBuildConfiguration;
			buildSettings = {
				ALWAYS_SEARCH_USER_PATHS = NO;
				CLANG_CXX_LANGUAGE_STANDARD = "gnu++0x";
				CLANG_CXX_LIBRARY = "libc++";
				CLANG_ENABLE_MODULES = YES;
				CLANG_ENABLE_OBJC_ARC = YES;
				CLANG_WARN_BOOL_CONVERSION = YES;
				CLANG_WARN_CONSTANT_CONVERSION = YES;
				CLANG_WARN_DIRECT_OBJC_ISA_USAGE = YES_ERROR;
				CLANG_WARN_EMPTY_BODY = YES;
				CLANG_WARN_ENUM_CONVERSION = YES;
				CLANG_WARN_INT_CONVERSION = YES;
				CLANG_WARN_OBJC_ROOT_CLASS = YES_ERROR;
				CLANG_WARN_UNREACHABLE_CODE = YES;
				CLANG_WARN__DUPLICATE_METHOD_MATCH = YES;
				CODE_SIGN_IDENTITY = "-";
				COPY_PHASE_STRIP = NO;
				DEBUG_INFORMATION_FORMAT = dwarf;
				ENABLE_STRICT_OBJC_MSGSEND = YES;
				ENABLE_TESTABILITY = YES;
				GCC_C_LANGUAGE_STANDARD = gnu99;
				GCC_DYNAMIC_NO_PIC = NO;
				GCC_NO_COMMON_BLOCKS = YES;
				GCC_OPTIMIZATION_LEVEL = 0;
				GCC_PREPROCESSOR_DEFINITIONS = (
					"DEBUG=1",
					"$(inherited)",
				);
				GCC_WARN_64_TO_32_BIT_CONVERSION = YES;
				GCC_WARN_ABOUT_RETURN_TYPE = YES_ERROR;
				GCC_WARN_UNDECLARED_SELECTOR = YES;
				GCC_WARN_UNINITIALIZED_AUTOS = YES_AGGRESSIVE;
				GCC_WARN_UNUSED_FUNCTION = YES;
				GCC_WARN_UNUSED_VARIABLE = YES;
				MACOSX_DEPLOYMENT_TARGET = 10.11;
				MTL_ENABLE_DEBUG_INFO = YES;
				ONLY_ACTIVE_ARCH = YES;
				SDKROOT = macosx;
			};
			name = Debug;
		};
		FF2BF8F41DA1DC48007195EE /* Release */ = {
			isa = XCBuildConfiguration;
			buildSettings = {
				ALWAYS_SEARCH_USER_PATHS = NO;
				CLANG_CXX_LANGUAGE_STANDARD = "gnu++0x";
				CLANG_CXX_LIBRARY = "libc++";
				CLANG_ENABLE_MODULES = YES;
				CLANG_ENABLE_OBJC_ARC = YES;
				CLANG_WARN_BOOL_CONVERSION = YES;
				CLANG_WARN_CONSTANT_CONVERSION = YES;
				CLANG_WARN_DIRECT_OBJC_ISA_USAGE = YES_ERROR;
				CLANG_WARN_EMPTY_BODY = YES;
				CLANG_WARN_ENUM_CONVERSION = YES;
				CLANG_WARN_INT_CONVERSION = YES;
				CLANG_WARN_OBJC_ROOT_CLASS = YES_ERROR;
				CLANG_WARN_UNREACHABLE_CODE = YES;
				CLANG_WARN__DUPLICATE_METHOD_MATCH = YES;
				CODE_SIGN_IDENTITY = "-";
				COPY_PHASE_STRIP = NO;
				DEBUG_INFORMATION_FORMAT = "dwarf-with-dsym";
				ENABLE_NS_ASSERTIONS = NO;
				ENABLE_STRICT_OBJC_MSGSEND = YES;
				GCC_C_LANGUAGE_STANDARD = gnu99;
				GCC_NO_COMMON_BLOCKS = YES;
				GCC_WARN_64_TO_32_BIT_CONVERSION = YES;
				GCC_WARN_ABOUT_RETURN_TYPE = YES_ERROR;
				GCC_WARN_UNDECLARED_SELECTOR = YES;
				GCC_WARN_UNINITIALIZED_AUTOS = YES_AGGRESSIVE;
				GCC_WARN_UNUSED_FUNCTION = YES;
				GCC_WARN_UNUSED_VARIABLE = YES;
				MACOSX_DEPLOYMENT_TARGET = 10.11;
				MTL_ENABLE_DEBUG_INFO = NO;
				SDKROOT = macosx;
			};
			name = Release;
		};
		FF2BF8F61DA1DC48007195EE /* Debug */ = {
			isa = XCBuildConfiguration;
			buildSettings = {
				PRODUCT_NAME = "$(TARGET_NAME)";
			};
			name = Debug;
		};
		FF2BF8F71DA1DC48007195EE /* Release */ = {
			isa = XCBuildConfiguration;
			buildSettings = {
				PRODUCT_NAME = "$(TARGET_NAME)";
			};
			name = Release;
		};
/* End XCBuildConfiguration section */

/* Begin XCConfigurationList section */
		FF2BF8E91DA1DC48007195EE /* Build configuration list for PBXProject "TRABALHO SO" */ = {
			isa = XCConfigurationList;
			buildConfigurations = (
				FF2BF8F31DA1DC48007195EE /* Debug */,
				FF2BF8F41DA1DC48007195EE /* Release */,
			);
			defaultConfigurationIsVisible = 0;
			defaultConfigurationName = Release;
		};
		FF2BF8F51DA1DC48007195EE /* Build configuration list for PBXNativeTarget "TRABALHO SO" */ = {
			isa = XCConfigurationList;
			buildConfigurations = (
				FF2BF8F61DA1DC48007195EE /* Debug */,
				FF2BF8F71DA1DC48007195EE /* Release */,
			);
			defaultConfigurationIsVisible = 0;
		};
/* End XCConfigurationList section */
	};
	rootObject = FF2BF8E61DA1DC48007195EE /* Project object */;
}
